
Microsoft Visual Studio Solution File, Format Version 12.00
Project("{FAE04EC0-301F-11D3-BF4B-00C04F79EFBC}") = "Basic", "Basic\Basic.csproj", "{0521B4D0-6793-4E7A-B2B6-0369DD5F8C0B}"
EndProject
Project("{FAE04EC0-301F-11D3-BF4B-00C04F79EFBC}") = "IdentitySample", "IdentitySample\IdentitySample.csproj", "{875924EB-1D6A-478A-B8FA-78B5070DC961}"
EndProject
Project("{2150E333-8FDC-42A3-9474-1A3956D46DE8}") = "Basic", "Basic", "{1263744B-EB46-4316-9808-991906E45620}"
EndProject
Project("{2150E333-8FDC-42A3-9474-1A3956D46DE8}") = "oAuth", "oAuth", "{6BD901BA-EC74-4AA4-8261-8AC6C171B59E}"
EndProject
Project("{FAE04EC0-301F-11D3-BF4B-00C04F79EFBC}") = "Server", "Server\Server.csproj", "{964ACA76-31D0-472B-A047-0E7CD0E0F9F3}"
EndProject
Global
	GlobalSection(SolutionConfigurationPlatforms) = preSolution
		Debug|Any CPU = Debug|Any CPU
		Release|Any CPU = Release|Any CPU
	EndGlobalSection
	GlobalSection(ProjectConfigurationPlatforms) = postSolution
		{0521B4D0-6793-4E7A-B2B6-0369DD5F8C0B}.Debug|Any CPU.ActiveCfg = Debug|Any CPU
		{0521B4D0-6793-4E7A-B2B6-0369DD5F8C0B}.Debug|Any CPU.Build.0 = Debug|Any CPU
		{0521B4D0-6793-4E7A-B2B6-0369DD5F8C0B}.Release|Any CPU.ActiveCfg = Release|Any CPU
		{0521B4D0-6793-4E7A-B2B6-0369DD5F8C0B}.Release|Any CPU.Build.0 = Release|Any CPU
		{875924EB-1D6A-478A-B8FA-78B5070DC961}.Debug|Any CPU.ActiveCfg = Debug|Any CPU
		{875924EB-1D6A-478A-B8FA-78B5070DC961}.Debug|Any CPU.Build.0 = Debug|Any CPU
		{875924EB-1D6A-478A-B8FA-78B5070DC961}.Release|Any CPU.ActiveCfg = Release|Any CPU
		{875924EB-1D6A-478A-B8FA-78B5070DC961}.Release|Any CPU.Build.0 = Release|Any CPU
		{964ACA76-31D0-472B-A047-0E7CD0E0F9F3}.Debug|Any CPU.ActiveCfg = Debug|Any CPU
		{964ACA76-31D0-472B-A047-0E7CD0E0F9F3}.Debug|Any CPU.Build.0 = Debug|Any CPU
		{964ACA76-31D0-472B-A047-0E7CD0E0F9F3}.Release|Any CPU.ActiveCfg = Release|Any CPU
		{964ACA76-31D0-472B-A047-0E7CD0E0F9F3}.Release|Any CPU.Build.0 = Release|Any CPU
	EndGlobalSection
	GlobalSection(NestedProjects) = preSolution
		{0521B4D0-6793-4E7A-B2B6-0369DD5F8C0B} = {1263744B-EB46-4316-9808-991906E45620}
		{875924EB-1D6A-478A-B8FA-78B5070DC961} = {1263744B-EB46-4316-9808-991906E45620}
		{964ACA76-31D0-472B-A047-0E7CD0E0F9F3} = {6BD901BA-EC74-4AA4-8261-8AC6C171B59E}
	EndGlobalSection
EndGlobal
